
Microsoft Visual Studio Solution File, Format Version 12.00
# Visual Studio 2012
Project("{FAE04EC0-301F-11D3-BF4B-00C04F79EFBC}") = "AspNetMvcPlugins", "AspNetMvcPlugins\AspNetMvcPlugins.csproj", "{247E1F93-219A-414C-AF5E-017AA7BBBE1B}"
EndProject
Project("{2150E333-8FDC-42A3-9474-1A3956D46DE8}") = "Plugins", "Plugins", "{84D58911-37D9-4CBC-9783-8FC6F23D18EF}"
EndProject
Project("{FAE04EC0-301F-11D3-BF4B-00C04F79EFBC}") = "TxtFinderPlugin", "TxtFinderPlugin\TxtFinderPlugin.csproj", "{4D370A4A-9BBA-4BE0-9376-85D69E238E4F}"
EndProject
Project("{FAE04EC0-301F-11D3-BF4B-00C04F79EFBC}") = "Common", "Common\Common.csproj", "{E22A4C8B-3CEC-4601-8B3F-FCB7C9341A54}"
EndProject
Project("{2150E333-8FDC-42A3-9474-1A3956D46DE8}") = "Domain", "Domain", "{5A0CD893-7C66-4415-A999-54B6228E0E58}"
EndProject
Project("{FAE04EC0-301F-11D3-BF4B-00C04F79EFBC}") = "Core", "Core\Core.csproj", "{E4C2EE0C-58A7-475D-8E98-1135399F889F}"
EndProject
Project("{FAE04EC0-301F-11D3-BF4B-00C04F79EFBC}") = "XmlFinderPlugin", "XmlFinderPlugin\XmlFinderPlugin.csproj", "{56884503-E75B-44D5-B5D1-F1364B84EAD0}"
EndProject
Global
	GlobalSection(SolutionConfigurationPlatforms) = preSolution
		Debug|Any CPU = Debug|Any CPU
		Release|Any CPU = Release|Any CPU
	EndGlobalSection
	GlobalSection(ProjectConfigurationPlatforms) = postSolution
		{247E1F93-219A-414C-AF5E-017AA7BBBE1B}.Debug|Any CPU.ActiveCfg = Debug|Any CPU
		{247E1F93-219A-414C-AF5E-017AA7BBBE1B}.Debug|Any CPU.Build.0 = Debug|Any CPU
		{247E1F93-219A-414C-AF5E-017AA7BBBE1B}.Release|Any CPU.ActiveCfg = Release|Any CPU
		{247E1F93-219A-414C-AF5E-017AA7BBBE1B}.Release|Any CPU.Build.0 = Release|Any CPU
		{4D370A4A-9BBA-4BE0-9376-85D69E238E4F}.Debug|Any CPU.ActiveCfg = Debug|Any CPU
		{4D370A4A-9BBA-4BE0-9376-85D69E238E4F}.Debug|Any CPU.Build.0 = Debug|Any CPU
		{4D370A4A-9BBA-4BE0-9376-85D69E238E4F}.Release|Any CPU.ActiveCfg = Release|Any CPU
		{4D370A4A-9BBA-4BE0-9376-85D69E238E4F}.Release|Any CPU.Build.0 = Release|Any CPU
		{E22A4C8B-3CEC-4601-8B3F-FCB7C9341A54}.Debug|Any CPU.ActiveCfg = Debug|Any CPU
		{E22A4C8B-3CEC-4601-8B3F-FCB7C9341A54}.Debug|Any CPU.Build.0 = Debug|Any CPU
		{E22A4C8B-3CEC-4601-8B3F-FCB7C9341A54}.Release|Any CPU.ActiveCfg = Release|Any CPU
		{E22A4C8B-3CEC-4601-8B3F-FCB7C9341A54}.Release|Any CPU.Build.0 = Release|Any CPU
		{E4C2EE0C-58A7-475D-8E98-1135399F889F}.Debug|Any CPU.ActiveCfg = Debug|Any CPU
		{E4C2EE0C-58A7-475D-8E98-1135399F889F}.Debug|Any CPU.Build.0 = Debug|Any CPU
		{E4C2EE0C-58A7-475D-8E98-1135399F889F}.Release|Any CPU.ActiveCfg = Release|Any CPU
		{E4C2EE0C-58A7-475D-8E98-1135399F889F}.Release|Any CPU.Build.0 = Release|Any CPU
		{56884503-E75B-44D5-B5D1-F1364B84EAD0}.Debug|Any CPU.ActiveCfg = Debug|Any CPU
		{56884503-E75B-44D5-B5D1-F1364B84EAD0}.Debug|Any CPU.Build.0 = Debug|Any CPU
		{56884503-E75B-44D5-B5D1-F1364B84EAD0}.Release|Any CPU.ActiveCfg = Release|Any CPU
		{56884503-E75B-44D5-B5D1-F1364B84EAD0}.Release|Any CPU.Build.0 = Release|Any CPU
	EndGlobalSection
	GlobalSection(SolutionProperties) = preSolution
		HideSolutionNode = FALSE
	EndGlobalSection
	GlobalSection(NestedProjects) = preSolution
		{4D370A4A-9BBA-4BE0-9376-85D69E238E4F} = {84D58911-37D9-4CBC-9783-8FC6F23D18EF}
		{56884503-E75B-44D5-B5D1-F1364B84EAD0} = {84D58911-37D9-4CBC-9783-8FC6F23D18EF}
		{E4C2EE0C-58A7-475D-8E98-1135399F889F} = {5A0CD893-7C66-4415-A999-54B6228E0E58}
	EndGlobalSection
EndGlobal
